
Microsoft Visual Studio Solution File, Format Version 12.00
# Visual Studio Version 17
VisualStudioVersion = 17.2.32602.215
MinimumVisualStudioVersion = 10.0.40219.1
Project("{FAE04EC0-301F-11D3-BF4B-00C04F79EFBC}") = "Paint", "Paint.csproj", "{9D8E797C-11F0-42B7-8B2A-F0C4CC5E6380}"
EndProject
Global
	GlobalSection(SolutionConfigurationPlatforms) = preSolution
		Debug|Any CPU = Debug|Any CPU
		Release|Any CPU = Release|Any CPU
	EndGlobalSection
	GlobalSection(ProjectConfigurationPlatforms) = postSolution
		{9D8E797C-11F0-42B7-8B2A-F0C4CC5E6380}.Debug|Any CPU.ActiveCfg = Debug|Any CPU
		{9D8E797C-11F0-42B7-8B2A-F0C4CC5E6380}.Debug|Any CPU.Build.0 = Debug|Any CPU
		{9D8E797C-11F0-42B7-8B2A-F0C4CC5E6380}.Release|Any CPU.ActiveCfg = Release|Any CPU
		{9D8E797C-11F0-42B7-8B2A-F0C4CC5E6380}.Release|Any CPU.Build.0 = Release|Any CPU
	EndGlobalSection
	GlobalSection(SolutionProperties) = preSolution
		HideSolutionNode = FALSE
	EndGlobalSection
	GlobalSection(ExtensibilityGlobals) = postSolution
		SolutionGuid = {55FE8A4B-51C3-4F7A-9823-419E9157AE2A}
	EndGlobalSection
EndGlobal
